
Microsoft Visual Studio Solution File, Format Version 12.00
# Visual Studio Version 17
VisualStudioVersion = 17.11.35327.3
MinimumVisualStudioVersion = 10.0.40219.1
Project("{FAE04EC0-301F-11D3-BF4B-00C04F79EFBC}") = "DAL", "DAL\DAL.csproj", "{09519F8F-DAFC-4920-AB4A-1B13AFAC68A3}"
EndProject
Project("{FAE04EC0-301F-11D3-BF4B-00C04F79EFBC}") = "Entities", "Entities\Entities.csproj", "{875B1079-B5A4-4522-95DD-B273ADECA184}"
EndProject
Project("{FAE04EC0-301F-11D3-BF4B-00C04F79EFBC}") = "Test", "Test\Test.csproj", "{25BB6A7D-4DE3-457E-BD1E-3965AE36D2A4}"
EndProject
Global
	GlobalSection(SolutionConfigurationPlatforms) = preSolution
		Debug|Any CPU = Debug|Any CPU
		Release|Any CPU = Release|Any CPU
	EndGlobalSection
	GlobalSection(ProjectConfigurationPlatforms) = postSolution
		{09519F8F-DAFC-4920-AB4A-1B13AFAC68A3}.Debug|Any CPU.ActiveCfg = Debug|Any CPU
		{09519F8F-DAFC-4920-AB4A-1B13AFAC68A3}.Debug|Any CPU.Build.0 = Debug|Any CPU
		{09519F8F-DAFC-4920-AB4A-1B13AFAC68A3}.Release|Any CPU.ActiveCfg = Release|Any CPU
		{09519F8F-DAFC-4920-AB4A-1B13AFAC68A3}.Release|Any CPU.Build.0 = Release|Any CPU
		{875B1079-B5A4-4522-95DD-B273ADECA184}.Debug|Any CPU.ActiveCfg = Debug|Any CPU
		{875B1079-B5A4-4522-95DD-B273ADECA184}.Debug|Any CPU.Build.0 = Debug|Any CPU
		{875B1079-B5A4-4522-95DD-B273ADECA184}.Release|Any CPU.ActiveCfg = Release|Any CPU
		{875B1079-B5A4-4522-95DD-B273ADECA184}.Release|Any CPU.Build.0 = Release|Any CPU
		{25BB6A7D-4DE3-457E-BD1E-3965AE36D2A4}.Debug|Any CPU.ActiveCfg = Debug|Any CPU
		{25BB6A7D-4DE3-457E-BD1E-3965AE36D2A4}.Debug|Any CPU.Build.0 = Debug|Any CPU
		{25BB6A7D-4DE3-457E-BD1E-3965AE36D2A4}.Release|Any CPU.ActiveCfg = Release|Any CPU
		{25BB6A7D-4DE3-457E-BD1E-3965AE36D2A4}.Release|Any CPU.Build.0 = Release|Any CPU
	EndGlobalSection
	GlobalSection(SolutionProperties) = preSolution
		HideSolutionNode = FALSE
	EndGlobalSection
	GlobalSection(ExtensibilityGlobals) = postSolution
		SolutionGuid = {695CF93A-962C-47F0-AA87-4FB8103B482D}
	EndGlobalSection
EndGlobal
